// !$*UTF8*$!
{
	archiveVersion = 1;
	classes = {
	};
	objectVersion = 77;
	objects = {

/* Begin PBXBuildFile section */
		884C9D172CC822B60059E758 /* CommonAssets.xcassets in Resources */ = {isa = PBXBuildFile; fileRef = 884C9D162CC822B60059E758 /* CommonAssets.xcassets */; };
		884C9D182CC822B60059E758 /* CommonAssets.xcassets in Resources */ = {isa = PBXBuildFile; fileRef = 884C9D162CC822B60059E758 /* CommonAssets.xcassets */; };
		884C9D512CCEB5F20059E758 /* KwandooConfiguration.swift in Sources */ = {isa = PBXBuildFile; fileRef = 884C9D4F2CCEB5910059E758 /* KwandooConfiguration.swift */; };
		884C9D532CCEB67B0059E758 /* playdata.json in Resources */ = {isa = PBXBuildFile; fileRef = 88A3198E2CA32097005D0DF3 /* playdata.json */; };
		884C9D542CCEB6A60059E758 /* CommonAssets.xcassets in Resources */ = {isa = PBXBuildFile; fileRef = 884C9D162CC822B60059E758 /* CommonAssets.xcassets */; };
		884C9D902CCEB86A0059E758 /* CloudKitConfiguration.swift in Sources */ = {isa = PBXBuildFile; fileRef = 884C9D8F2CCEB86A0059E758 /* CloudKitConfiguration.swift */; };
		884C9D912CCEB8880059E758 /* CloudKitConfiguration.swift in Sources */ = {isa = PBXBuildFile; fileRef = 884C9D8F2CCEB86A0059E758 /* CloudKitConfiguration.swift */; };
		884C9D922CCEB89B0059E758 /* CloudKitConfiguration.swift in Sources */ = {isa = PBXBuildFile; fileRef = 884C9D8F2CCEB86A0059E758 /* CloudKitConfiguration.swift */; };
		88A319172CA3194F005D0DF3 /* playdata-mini.json in Resources */ = {isa = PBXBuildFile; fileRef = 88A319162CA3194F005D0DF3 /* playdata-mini.json */; };
		88A319F02CA325D8005D0DF3 /* playdata.json in Resources */ = {isa = PBXBuildFile; fileRef = 88A3198E2CA32097005D0DF3 /* playdata.json */; };
		88A31A4C2CB2CD10005D0DF3 /* QandaConfiguration.swift in Sources */ = {isa = PBXBuildFile; fileRef = 88A31A4A2CB2CD10005D0DF3 /* QandaConfiguration.swift */; };
		88A31A4E2CB2CDC1005D0DF3 /* KwanduhConfiguration.swift in Sources */ = {isa = PBXBuildFile; fileRef = 88A31A4D2CB2CDC1005D0DF3 /* KwanduhConfiguration.swift */; };
/* End PBXBuildFile section */

/* Begin PBXContainerItemProxy section */
		884C9D352CCEB51D0059E758 /* PBXContainerItemProxy */ = {
			isa = PBXContainerItemProxy;
			containerPortal = 88A318E12CA318C1005D0DF3 /* Project object */;
			proxyType = 1;
			remoteGlobalIDString = 884C9D242CCEB51B0059E758;
			remoteInfo = kwandoo;
		};
		88A318FA2CA318C2005D0DF3 /* PBXContainerItemProxy */ = {
			isa = PBXContainerItemProxy;
			containerPortal = 88A318E12CA318C1005D0DF3 /* Project object */;
			proxyType = 1;
			remoteGlobalIDString = 88A318E82CA318C1005D0DF3;
			remoteInfo = kwanduh;
		};
		88A319A42CA3212C005D0DF3 /* PBXContainerItemProxy */ = {
			isa = PBXContainerItemProxy;
			containerPortal = 88A318E12CA318C1005D0DF3 /* Project object */;
			proxyType = 1;
			remoteGlobalIDString = 88A319932CA3212B005D0DF3;
			remoteInfo = qanda;
		};
/* End PBXContainerItemProxy section */

/* Begin PBXFileReference section */
		884C9CF62CBED6740059E758 /* Info.plist */ = {isa = PBXFileReference; lastKnownFileType = text.plist.xml; path = Info.plist; sourceTree = "<group>"; };
		884C9D162CC822B60059E758 /* CommonAssets.xcassets */ = {isa = PBXFileReference; lastKnownFileType = folder.assetcatalog; path = CommonAssets.xcassets; sourceTree = "<group>"; };
		884C9D252CCEB51B0059E758 /* kwandoo.app */ = {isa = PBXFileReference; explicitFileType = wrapper.application; includeInIndex = 0; path = kwandoo.app; sourceTree = BUILT_PRODUCTS_DIR; };
		884C9D342CCEB51D0059E758 /* kwandooTests.xctest */ = {isa = PBXFileReference; explicitFileType = wrapper.cfbundle; includeInIndex = 0; path = kwandooTests.xctest; sourceTree = BUILT_PRODUCTS_DIR; };
		884C9D4F2CCEB5910059E758 /* KwandooConfiguration.swift */ = {isa = PBXFileReference; lastKnownFileType = sourcecode.swift; path = KwandooConfiguration.swift; sourceTree = "<group>"; };
		884C9D8F2CCEB86A0059E758 /* CloudKitConfiguration.swift */ = {isa = PBXFileReference; lastKnownFileType = sourcecode.swift; path = CloudKitConfiguration.swift; sourceTree = "<group>"; };
		88A318E92CA318C1005D0DF3 /* kwanduh.app */ = {isa = PBXFileReference; explicitFileType = wrapper.application; includeInIndex = 0; path = kwanduh.app; sourceTree = BUILT_PRODUCTS_DIR; };
		88A318F92CA318C2005D0DF3 /* kwanduhTests.xctest */ = {isa = PBXFileReference; explicitFileType = wrapper.cfbundle; includeInIndex = 0; path = kwanduhTests.xctest; sourceTree = BUILT_PRODUCTS_DIR; };
		88A319162CA3194F005D0DF3 /* playdata-mini.json */ = {isa = PBXFileReference; lastKnownFileType = text.json; path = "playdata-mini.json"; sourceTree = "<group>"; };
		88A3198C2CA32074005D0DF3 /* README.md */ = {isa = PBXFileReference; lastKnownFileType = net.daringfireball.markdown; path = README.md; sourceTree = "<group>"; };
		88A3198E2CA32097005D0DF3 /* playdata.json */ = {isa = PBXFileReference; lastKnownFileType = text.json; path = playdata.json; sourceTree = "<group>"; };
		88A319942CA3212B005D0DF3 /* qanda.app */ = {isa = PBXFileReference; explicitFileType = wrapper.application; includeInIndex = 0; path = qanda.app; sourceTree = BUILT_PRODUCTS_DIR; };
		88A319A32CA3212C005D0DF3 /* qandaTests.xctest */ = {isa = PBXFileReference; explicitFileType = wrapper.cfbundle; includeInIndex = 0; path = qandaTests.xctest; sourceTree = BUILT_PRODUCTS_DIR; };
		88A31A4A2CB2CD10005D0DF3 /* QandaConfiguration.swift */ = {isa = PBXFileReference; lastKnownFileType = sourcecode.swift; path = QandaConfiguration.swift; sourceTree = "<group>"; };
		88A31A4D2CB2CDC1005D0DF3 /* KwanduhConfiguration.swift */ = {isa = PBXFileReference; lastKnownFileType = sourcecode.swift; path = KwanduhConfiguration.swift; sourceTree = "<group>"; };
/* End PBXFileReference section */

/* Begin PBXFileSystemSynchronizedBuildFileExceptionSet section */
		884C9D152CC5B3E60059E758 /* Exceptions for "Code" folder in "kwanduh" target */ = {
			isa = PBXFileSystemSynchronizedBuildFileExceptionSet;
			membershipExceptions = (
				AppColors.swift,
			);
			target = 88A318E82CA318C1005D0DF3 /* kwanduh */;
		};
		884C9D1B2CC827390059E758 /* Exceptions for "kwanduh" folder in "kwanduh" target */ = {
			isa = PBXFileSystemSynchronizedBuildFileExceptionSet;
			membershipExceptions = (
				Info.plist,
			);
			target = 88A318E82CA318C1005D0DF3 /* kwanduh */;
		};
		884C9D1D2CC827550059E758 /* Exceptions for "qanda" folder in "qanda" target */ = {
			isa = PBXFileSystemSynchronizedBuildFileExceptionSet;
			membershipExceptions = (
				Info.plist,
			);
			target = 88A319932CA3212B005D0DF3 /* qanda */;
		};
		884C9D562CCEB7230059E758 /* Exceptions for "kwandoo" folder in "kwandoo" target */ = {
			isa = PBXFileSystemSynchronizedBuildFileExceptionSet;
			membershipExceptions = (
				Info.plist,
			);
			target = 884C9D242CCEB51B0059E758 /* kwandoo */;
		};
/* End PBXFileSystemSynchronizedBuildFileExceptionSet section */

/* Begin PBXFileSystemSynchronizedRootGroup section */
		884C9D262CCEB51B0059E758 /* kwandoo */ = {
			isa = PBXFileSystemSynchronizedRootGroup;
			exceptions = (
				884C9D562CCEB7230059E758 /* Exceptions for "kwandoo" folder in "kwandoo" target */,
			);
			path = kwandoo;
			sourceTree = "<group>";
		};
		884C9D372CCEB51D0059E758 /* kwandooTests */ = {
			isa = PBXFileSystemSynchronizedRootGroup;
			path = kwandooTests;
			sourceTree = "<group>";
		};
		88A318EB2CA318C1005D0DF3 /* kwanduh */ = {
			isa = PBXFileSystemSynchronizedRootGroup;
			exceptions = (
				884C9D1B2CC827390059E758 /* Exceptions for "kwanduh" folder in "kwanduh" target */,
			);
			path = kwanduh;
			sourceTree = "<group>";
		};
		88A318FC2CA318C2005D0DF3 /* kwanduhTests */ = {
			isa = PBXFileSystemSynchronizedRootGroup;
			path = kwanduhTests;
			sourceTree = "<group>";
		};
		88A319952CA3212B005D0DF3 /* qanda */ = {
			isa = PBXFileSystemSynchronizedRootGroup;
			exceptions = (
				884C9D1D2CC827550059E758 /* Exceptions for "qanda" folder in "qanda" target */,
			);
			path = qanda;
			sourceTree = "<group>";
		};
		88A319A62CA3212C005D0DF3 /* qandaTests */ = {
			isa = PBXFileSystemSynchronizedRootGroup;
			path = qandaTests;
			sourceTree = "<group>";
		};
		88A319F22CA8666A005D0DF3 /* Code */ = {
			isa = PBXFileSystemSynchronizedRootGroup;
			exceptions = (
				884C9D152CC5B3E60059E758 /* Exceptions for "Code" folder in "kwanduh" target */,
			);
			path = Code;
			sourceTree = "<group>";
		};
/* End PBXFileSystemSynchronizedRootGroup section */

/* Begin PBXFrameworksBuildPhase section */
		884C9D222CCEB51B0059E758 /* Frameworks */ = {
			isa = PBXFrameworksBuildPhase;
			buildActionMask = 2147483647;
			files = (
			);
			runOnlyForDeploymentPostprocessing = 0;
		};
		884C9D312CCEB51D0059E758 /* Frameworks */ = {
			isa = PBXFrameworksBuildPhase;
			buildActionMask = 2147483647;
			files = (
			);
			runOnlyForDeploymentPostprocessing = 0;
		};
		88A318E62CA318C1005D0DF3 /* Frameworks */ = {
			isa = PBXFrameworksBuildPhase;
			buildActionMask = 2147483647;
			files = (
			);
			runOnlyForDeploymentPostprocessing = 0;
		};
		88A318F62CA318C2005D0DF3 /* Frameworks */ = {
			isa = PBXFrameworksBuildPhase;
			buildActionMask = 2147483647;
			files = (
			);
			runOnlyForDeploymentPostprocessing = 0;
		};
		88A319912CA3212B005D0DF3 /* Frameworks */ = {
			isa = PBXFrameworksBuildPhase;
			buildActionMask = 2147483647;
			files = (
			);
			runOnlyForDeploymentPostprocessing = 0;
		};
		88A319A02CA3212C005D0DF3 /* Frameworks */ = {
			isa = PBXFrameworksBuildPhase;
			buildActionMask = 2147483647;
			files = (
			);
			runOnlyForDeploymentPostprocessing = 0;
		};
/* End PBXFrameworksBuildPhase section */

/* Begin PBXGroup section */
		88A318E02CA318C1005D0DF3 = {
			isa = PBXGroup;
			children = (
				884C9D162CC822B60059E758 /* CommonAssets.xcassets */,
				884C9D8F2CCEB86A0059E758 /* CloudKitConfiguration.swift */,
				88A31A4A2CB2CD10005D0DF3 /* QandaConfiguration.swift */,
				88A31A4D2CB2CDC1005D0DF3 /* KwanduhConfiguration.swift */,
				884C9D4F2CCEB5910059E758 /* KwandooConfiguration.swift */,
				88A319162CA3194F005D0DF3 /* playdata-mini.json */,
				88A3198E2CA32097005D0DF3 /* playdata.json */,
				88A3198C2CA32074005D0DF3 /* README.md */,
				884C9CF62CBED6740059E758 /* Info.plist */,
				88A319F22CA8666A005D0DF3 /* Code */,
				88A318EB2CA318C1005D0DF3 /* kwanduh */,
				88A318FC2CA318C2005D0DF3 /* kwanduhTests */,
				88A319952CA3212B005D0DF3 /* qanda */,
				88A319A62CA3212C005D0DF3 /* qandaTests */,
				884C9D262CCEB51B0059E758 /* kwandoo */,
				884C9D372CCEB51D0059E758 /* kwandooTests */,
				88A318EA2CA318C1005D0DF3 /* Products */,
			);
			sourceTree = "<group>";
		};
		88A318EA2CA318C1005D0DF3 /* Products */ = {
			isa = PBXGroup;
			children = (
				88A318E92CA318C1005D0DF3 /* kwanduh.app */,
				88A318F92CA318C2005D0DF3 /* kwanduhTests.xctest */,
				88A319942CA3212B005D0DF3 /* qanda.app */,
				88A319A32CA3212C005D0DF3 /* qandaTests.xctest */,
				884C9D252CCEB51B0059E758 /* kwandoo.app */,
				884C9D342CCEB51D0059E758 /* kwandooTests.xctest */,
			);
			name = Products;
			sourceTree = "<group>";
		};
/* End PBXGroup section */

/* Begin PBXNativeTarget section */
		884C9D242CCEB51B0059E758 /* kwandoo */ = {
			isa = PBXNativeTarget;
			buildConfigurationList = 884C9D462CCEB51D0059E758 /* Build configuration list for PBXNativeTarget "kwandoo" */;
			buildPhases = (
				884C9D212CCEB51B0059E758 /* Sources */,
				884C9D222CCEB51B0059E758 /* Frameworks */,
				884C9D232CCEB51B0059E758 /* Resources */,
			);
			buildRules = (
			);
			dependencies = (
			);
			fileSystemSynchronizedGroups = (
				884C9D262CCEB51B0059E758 /* kwandoo */,
				88A319F22CA8666A005D0DF3 /* Code */,
			);
			name = kwandoo;
			packageProductDependencies = (
			);
			productName = kwandoo;
			productReference = 884C9D252CCEB51B0059E758 /* kwandoo.app */;
			productType = "com.apple.product-type.application";
		};
		884C9D332CCEB51D0059E758 /* kwandooTests */ = {
			isa = PBXNativeTarget;
			buildConfigurationList = 884C9D492CCEB51D0059E758 /* Build configuration list for PBXNativeTarget "kwandooTests" */;
			buildPhases = (
				884C9D302CCEB51D0059E758 /* Sources */,
				884C9D312CCEB51D0059E758 /* Frameworks */,
				884C9D322CCEB51D0059E758 /* Resources */,
			);
			buildRules = (
			);
			dependencies = (
				884C9D362CCEB51D0059E758 /* PBXTargetDependency */,
			);
			fileSystemSynchronizedGroups = (
				884C9D372CCEB51D0059E758 /* kwandooTests */,
			);
			name = kwandooTests;
			packageProductDependencies = (
			);
			productName = kwandooTests;
			productReference = 884C9D342CCEB51D0059E758 /* kwandooTests.xctest */;
			productType = "com.apple.product-type.bundle.unit-test";
		};
		88A318E82CA318C1005D0DF3 /* kwanduh */ = {
			isa = PBXNativeTarget;
			buildConfigurationList = 88A3190D2CA318C2005D0DF3 /* Build configuration list for PBXNativeTarget "kwanduh" */;
			buildPhases = (
				88A318E52CA318C1005D0DF3 /* Sources */,
				88A318E62CA318C1005D0DF3 /* Frameworks */,
				88A318E72CA318C1005D0DF3 /* Resources */,
			);
			buildRules = (
			);
			dependencies = (
			);
			fileSystemSynchronizedGroups = (
				88A318EB2CA318C1005D0DF3 /* kwanduh */,
				88A319F22CA8666A005D0DF3 /* Code */,
			);
			name = kwanduh;
			packageProductDependencies = (
			);
			productName = kwanduh;
			productReference = 88A318E92CA318C1005D0DF3 /* kwanduh.app */;
			productType = "com.apple.product-type.application";
		};
		88A318F82CA318C2005D0DF3 /* kwanduhTests */ = {
			isa = PBXNativeTarget;
			buildConfigurationList = 88A319102CA318C2005D0DF3 /* Build configuration list for PBXNativeTarget "kwanduhTests" */;
			buildPhases = (
				88A318F52CA318C2005D0DF3 /* Sources */,
				88A318F62CA318C2005D0DF3 /* Frameworks */,
				88A318F72CA318C2005D0DF3 /* Resources */,
			);
			buildRules = (
			);
			dependencies = (
				88A318FB2CA318C2005D0DF3 /* PBXTargetDependency */,
			);
			fileSystemSynchronizedGroups = (
				88A318FC2CA318C2005D0DF3 /* kwanduhTests */,
			);
			name = kwanduhTests;
			packageProductDependencies = (
			);
			productName = kwanduhTests;
			productReference = 88A318F92CA318C2005D0DF3 /* kwanduhTests.xctest */;
			productType = "com.apple.product-type.bundle.unit-test";
		};
		88A319932CA3212B005D0DF3 /* qanda */ = {
			isa = PBXNativeTarget;
			buildConfigurationList = 88A319B52CA3212C005D0DF3 /* Build configuration list for PBXNativeTarget "qanda" */;
			buildPhases = (
				88A319902CA3212B005D0DF3 /* Sources */,
				88A319912CA3212B005D0DF3 /* Frameworks */,
				88A319922CA3212B005D0DF3 /* Resources */,
			);
			buildRules = (
			);
			dependencies = (
			);
			fileSystemSynchronizedGroups = (
				88A319952CA3212B005D0DF3 /* qanda */,
				88A319F22CA8666A005D0DF3 /* Code */,
			);
			name = qanda;
			packageProductDependencies = (
			);
			productName = qanda;
			productReference = 88A319942CA3212B005D0DF3 /* qanda.app */;
			productType = "com.apple.product-type.application";
		};
		88A319A22CA3212C005D0DF3 /* qandaTests */ = {
			isa = PBXNativeTarget;
			buildConfigurationList = 88A319B82CA3212C005D0DF3 /* Build configuration list for PBXNativeTarget "qandaTests" */;
			buildPhases = (
				88A3199F2CA3212C005D0DF3 /* Sources */,
				88A319A02CA3212C005D0DF3 /* Frameworks */,
				88A319A12CA3212C005D0DF3 /* Resources */,
			);
			buildRules = (
			);
			dependencies = (
				88A319A52CA3212C005D0DF3 /* PBXTargetDependency */,
			);
			fileSystemSynchronizedGroups = (
				88A319A62CA3212C005D0DF3 /* qandaTests */,
			);
			name = qandaTests;
			packageProductDependencies = (
			);
			productName = qandaTests;
			productReference = 88A319A32CA3212C005D0DF3 /* qandaTests.xctest */;
			productType = "com.apple.product-type.bundle.unit-test";
		};
/* End PBXNativeTarget section */

/* Begin PBXProject section */
		88A318E12CA318C1005D0DF3 /* Project object */ = {
			isa = PBXProject;
			attributes = {
				BuildIndependentTargetsInParallel = 1;
				LastSwiftUpdateCheck = 1600;
				LastUpgradeCheck = 1600;
				TargetAttributes = {
					884C9D242CCEB51B0059E758 = {
						CreatedOnToolsVersion = 16.0;
					};
					884C9D332CCEB51D0059E758 = {
						CreatedOnToolsVersion = 16.0;
						TestTargetID = 884C9D242CCEB51B0059E758;
					};
					88A318E82CA318C1005D0DF3 = {
						CreatedOnToolsVersion = 16.0;
					};
					88A318F82CA318C2005D0DF3 = {
						CreatedOnToolsVersion = 16.0;
						TestTargetID = 88A318E82CA318C1005D0DF3;
					};
					88A319932CA3212B005D0DF3 = {
						CreatedOnToolsVersion = 16.0;
					};
					88A319A22CA3212C005D0DF3 = {
						CreatedOnToolsVersion = 16.0;
						TestTargetID = 88A319932CA3212B005D0DF3;
					};
				};
			};
			buildConfigurationList = 88A318E42CA318C1005D0DF3 /* Build configuration list for PBXProject "kwanduh" */;
			developmentRegion = en;
			hasScannedForEncodings = 0;
			knownRegions = (
				en,
				Base,
			);
			mainGroup = 88A318E02CA318C1005D0DF3;
			minimizedProjectReferenceProxies = 1;
			preferredProjectObjectVersion = 77;
			productRefGroup = 88A318EA2CA318C1005D0DF3 /* Products */;
			projectDirPath = "";
			projectRoot = "";
			targets = (
				88A318E82CA318C1005D0DF3 /* kwanduh */,
				88A318F82CA318C2005D0DF3 /* kwanduhTests */,
				88A319932CA3212B005D0DF3 /* qanda */,
				88A319A22CA3212C005D0DF3 /* qandaTests */,
				884C9D242CCEB51B0059E758 /* kwandoo */,
				884C9D332CCEB51D0059E758 /* kwandooTests */,
			);
		};
/* End PBXProject section */

/* Begin PBXResourcesBuildPhase section */
		884C9D232CCEB51B0059E758 /* Resources */ = {
			isa = PBXResourcesBuildPhase;
			buildActionMask = 2147483647;
			files = (
				884C9D542CCEB6A60059E758 /* CommonAssets.xcassets in Resources */,
				884C9D532CCEB67B0059E758 /* playdata.json in Resources */,
			);
			runOnlyForDeploymentPostprocessing = 0;
		};
		884C9D322CCEB51D0059E758 /* Resources */ = {
			isa = PBXResourcesBuildPhase;
			buildActionMask = 2147483647;
			files = (
			);
			runOnlyForDeploymentPostprocessing = 0;
		};
		88A318E72CA318C1005D0DF3 /* Resources */ = {
			isa = PBXResourcesBuildPhase;
			buildActionMask = 2147483647;
			files = (
				88A319172CA3194F005D0DF3 /* playdata-mini.json in Resources */,
				884C9D182CC822B60059E758 /* CommonAssets.xcassets in Resources */,
			);
			runOnlyForDeploymentPostprocessing = 0;
		};
		88A318F72CA318C2005D0DF3 /* Resources */ = {
			isa = PBXResourcesBuildPhase;
			buildActionMask = 2147483647;
			files = (
			);
			runOnlyForDeploymentPostprocessing = 0;
		};
		88A319922CA3212B005D0DF3 /* Resources */ = {
			isa = PBXResourcesBuildPhase;
			buildActionMask = 2147483647;
			files = (
				88A319F02CA325D8005D0DF3 /* playdata.json in Resources */,
				884C9D172CC822B60059E758 /* CommonAssets.xcassets in Resources */,
			);
			runOnlyForDeploymentPostprocessing = 0;
		};
		88A319A12CA3212C005D0DF3 /* Resources */ = {
			isa = PBXResourcesBuildPhase;
			buildActionMask = 2147483647;
			files = (
			);
			runOnlyForDeploymentPostprocessing = 0;
		};
/* End PBXResourcesBuildPhase section */

/* Begin PBXSourcesBuildPhase section */
		884C9D212CCEB51B0059E758 /* Sources */ = {
			isa = PBXSourcesBuildPhase;
			buildActionMask = 2147483647;
			files = (
				884C9D512CCEB5F20059E758 /* KwandooConfiguration.swift in Sources */,
				884C9D912CCEB8880059E758 /* CloudKitConfiguration.swift in Sources */,
			);
			runOnlyForDeploymentPostprocessing = 0;
		};
		884C9D302CCEB51D0059E758 /* Sources */ = {
			isa = PBXSourcesBuildPhase;
			buildActionMask = 2147483647;
			files = (
			);
			runOnlyForDeploymentPostprocessing = 0;
		};
		88A318E52CA318C1005D0DF3 /* Sources */ = {
			isa = PBXSourcesBuildPhase;
			buildActionMask = 2147483647;
			files = (
				884C9D902CCEB86A0059E758 /* CloudKitConfiguration.swift in Sources */,
				88A31A4E2CB2CDC1005D0DF3 /* KwanduhConfiguration.swift in Sources */,
			);
			runOnlyForDeploymentPostprocessing = 0;
		};
		88A318F52CA318C2005D0DF3 /* Sources */ = {
			isa = PBXSourcesBuildPhase;
			buildActionMask = 2147483647;
			files = (
			);
			runOnlyForDeploymentPostprocessing = 0;
		};
		88A319902CA3212B005D0DF3 /* Sources */ = {
			isa = PBXSourcesBuildPhase;
			buildActionMask = 2147483647;
			files = (
				884C9D922CCEB89B0059E758 /* CloudKitConfiguration.swift in Sources */,
				88A31A4C2CB2CD10005D0DF3 /* QandaConfiguration.swift in Sources */,
			);
			runOnlyForDeploymentPostprocessing = 0;
		};
		88A3199F2CA3212C005D0DF3 /* Sources */ = {
			isa = PBXSourcesBuildPhase;
			buildActionMask = 2147483647;
			files = (
			);
			runOnlyForDeploymentPostprocessing = 0;
		};
/* End PBXSourcesBuildPhase section */

/* Begin PBXTargetDependency section */
		884C9D362CCEB51D0059E758 /* PBXTargetDependency */ = {
			isa = PBXTargetDependency;
			target = 884C9D242CCEB51B0059E758 /* kwandoo */;
			targetProxy = 884C9D352CCEB51D0059E758 /* PBXContainerItemProxy */;
		};
		88A318FB2CA318C2005D0DF3 /* PBXTargetDependency */ = {
			isa = PBXTargetDependency;
			target = 88A318E82CA318C1005D0DF3 /* kwanduh */;
			targetProxy = 88A318FA2CA318C2005D0DF3 /* PBXContainerItemProxy */;
		};
		88A319A52CA3212C005D0DF3 /* PBXTargetDependency */ = {
			isa = PBXTargetDependency;
			target = 88A319932CA3212B005D0DF3 /* qanda */;
			targetProxy = 88A319A42CA3212C005D0DF3 /* PBXContainerItemProxy */;
		};
/* End PBXTargetDependency section */

/* Begin XCBuildConfiguration section */
		884C9D472CCEB51D0059E758 /* Debug */ = {
			isa = XCBuildConfiguration;
			buildSettings = {
				ASSETCATALOG_COMPILER_APPICON_NAME = AppIcon;
				ASSETCATALOG_COMPILER_GLOBAL_ACCENT_COLOR_NAME = AccentColor;
				ASSETCATALOG_COMPILER_INCLUDE_ALL_APPICON_ASSETS = YES;
				CODE_SIGN_ENTITLEMENTS = kwandoo/kwandoo.entitlements;
				CODE_SIGN_STYLE = Automatic;
				CURRENT_PROJECT_VERSION = 13;
				DEVELOPMENT_ASSET_PATHS = "\"kwandoo/Preview Content\"";
				DEVELOPMENT_TEAM = NEAY582ME4;
				ENABLE_PREVIEWS = YES;
				GENERATE_INFOPLIST_FILE = YES;
				INFOPLIST_FILE = kwandoo/Info.plist;
				INFOPLIST_KEY_UIApplicationSceneManifest_Generation = YES;
				INFOPLIST_KEY_UIApplicationSupportsIndirectInputEvents = YES;
				INFOPLIST_KEY_UISupportedInterfaceOrientations_iPad = "UIInterfaceOrientationPortrait UIInterfaceOrientationPortraitUpsideDown UIInterfaceOrientationLandscapeLeft UIInterfaceOrientationLandscapeRight";
				INFOPLIST_KEY_UISupportedInterfaceOrientations_iPhone = "UIInterfaceOrientationPortrait UIInterfaceOrientationLandscapeLeft UIInterfaceOrientationLandscapeRight";
				LD_RUNPATH_SEARCH_PATHS = (
					"$(inherited)",
					"@executable_path/Frameworks",
				);
				MARKETING_VERSION = 0.7.55;
				PRODUCT_BUNDLE_IDENTIFIER = com.billdonner.kwandoo;
				PRODUCT_NAME = "$(TARGET_NAME)";
				SWIFT_EMIT_LOC_STRINGS = YES;
				SWIFT_VERSION = 5.0;
				TARGETED_DEVICE_FAMILY = "1,2";
			};
			name = Debug;
		};
		884C9D482CCEB51D0059E758 /* Release */ = {
			isa = XCBuildConfiguration;
			buildSettings = {
				ASSETCATALOG_COMPILER_APPICON_NAME = AppIcon;
				ASSETCATALOG_COMPILER_GLOBAL_ACCENT_COLOR_NAME = AccentColor;
				ASSETCATALOG_COMPILER_INCLUDE_ALL_APPICON_ASSETS = YES;
				CODE_SIGN_ENTITLEMENTS = kwandoo/kwandoo.entitlements;
				CODE_SIGN_STYLE = Automatic;
				CURRENT_PROJECT_VERSION = 13;
				DEVELOPMENT_ASSET_PATHS = "\"kwandoo/Preview Content\"";
				DEVELOPMENT_TEAM = NEAY582ME4;
				ENABLE_PREVIEWS = YES;
				GENERATE_INFOPLIST_FILE = YES;
				INFOPLIST_FILE = kwandoo/Info.plist;
				INFOPLIST_KEY_UIApplicationSceneManifest_Generation = YES;
				INFOPLIST_KEY_UIApplicationSupportsIndirectInputEvents = YES;
				INFOPLIST_KEY_UISupportedInterfaceOrientations_iPad = "UIInterfaceOrientationPortrait UIInterfaceOrientationPortraitUpsideDown UIInterfaceOrientationLandscapeLeft UIInterfaceOrientationLandscapeRight";
				INFOPLIST_KEY_UISupportedInterfaceOrientations_iPhone = "UIInterfaceOrientationPortrait UIInterfaceOrientationLandscapeLeft UIInterfaceOrientationLandscapeRight";
				LD_RUNPATH_SEARCH_PATHS = (
					"$(inherited)",
					"@executable_path/Frameworks",
				);
				MARKETING_VERSION = 0.7.55;
				PRODUCT_BUNDLE_IDENTIFIER = com.billdonner.kwandoo;
				PRODUCT_NAME = "$(TARGET_NAME)";
				SWIFT_EMIT_LOC_STRINGS = YES;
				SWIFT_VERSION = 5.0;
				TARGETED_DEVICE_FAMILY = "1,2";
			};
			name = Release;
		};
		884C9D4A2CCEB51D0059E758 /* Debug */ = {
			isa = XCBuildConfiguration;
			buildSettings = {
				BUNDLE_LOADER = "$(TEST_HOST)";
				CODE_SIGN_STYLE = Automatic;
				CURRENT_PROJECT_VERSION = 1;
				DEVELOPMENT_TEAM = NEAY582ME4;
				GENERATE_INFOPLIST_FILE = YES;
				IPHONEOS_DEPLOYMENT_TARGET = 18.0;
				MARKETING_VERSION = 1.0;
				PRODUCT_BUNDLE_IDENTIFIER = com.billdonner.kwandooTests;
				PRODUCT_NAME = "$(TARGET_NAME)";
				SWIFT_EMIT_LOC_STRINGS = NO;
				SWIFT_VERSION = 5.0;
				TARGETED_DEVICE_FAMILY = "1,2";
				TEST_HOST = "$(BUILT_PRODUCTS_DIR)/kwandoo.app/$(BUNDLE_EXECUTABLE_FOLDER_PATH)/kwandoo";
			};
			name = Debug;
		};
		884C9D4B2CCEB51D0059E758 /* Release */ = {
			isa = XCBuildConfiguration;
			buildSettings = {
				BUNDLE_LOADER = "$(TEST_HOST)";
				CODE_SIGN_STYLE = Automatic;
				CURRENT_PROJECT_VERSION = 1;
				DEVELOPMENT_TEAM = NEAY582ME4;
				GENERATE_INFOPLIST_FILE = YES;
				IPHONEOS_DEPLOYMENT_TARGET = 18.0;
				MARKETING_VERSION = 1.0;
				PRODUCT_BUNDLE_IDENTIFIER = com.billdonner.kwandooTests;
				PRODUCT_NAME = "$(TARGET_NAME)";
				SWIFT_EMIT_LOC_STRINGS = NO;
				SWIFT_VERSION = 5.0;
				TARGETED_DEVICE_FAMILY = "1,2";
				TEST_HOST = "$(BUILT_PRODUCTS_DIR)/kwandoo.app/$(BUNDLE_EXECUTABLE_FOLDER_PATH)/kwandoo";
			};
			name = Release;
		};
		88A3190B2CA318C2005D0DF3 /* Debug */ = {
			isa = XCBuildConfiguration;
			buildSettings = {
				ALWAYS_SEARCH_USER_PATHS = NO;
				ASSETCATALOG_COMPILER_GENERATE_SWIFT_ASSET_SYMBOL_EXTENSIONS = YES;
				CLANG_ANALYZER_NONNULL = YES;
				CLANG_ANALYZER_NUMBER_OBJECT_CONVERSION = YES_AGGRESSIVE;
				CLANG_CXX_LANGUAGE_STANDARD = "gnu++20";
				CLANG_ENABLE_MODULES = YES;
				CLANG_ENABLE_OBJC_ARC = YES;
				CLANG_ENABLE_OBJC_WEAK = YES;
				CLANG_WARN_BLOCK_CAPTURE_AUTORELEASING = YES;
				CLANG_WARN_BOOL_CONVERSION = YES;
				CLANG_WARN_COMMA = YES;
				CLANG_WARN_CONSTANT_CONVERSION = YES;
				CLANG_WARN_DEPRECATED_OBJC_IMPLEMENTATIONS = YES;
				CLANG_WARN_DIRECT_OBJC_ISA_USAGE = YES_ERROR;
				CLANG_WARN_DOCUMENTATION_COMMENTS = YES;
				CLANG_WARN_EMPTY_BODY = YES;
				CLANG_WARN_ENUM_CONVERSION = YES;
				CLANG_WARN_INFINITE_RECURSION = YES;
				CLANG_WARN_INT_CONVERSION = YES;
				CLANG_WARN_NON_LITERAL_NULL_CONVERSION = YES;
				CLANG_WARN_OBJC_IMPLICIT_RETAIN_SELF = YES;
				CLANG_WARN_OBJC_LITERAL_CONVERSION = YES;
				CLANG_WARN_OBJC_ROOT_CLASS = YES_ERROR;
				CLANG_WARN_QUOTED_INCLUDE_IN_FRAMEWORK_HEADER = YES;
				CLANG_WARN_RANGE_LOOP_ANALYSIS = YES;
				CLANG_WARN_STRICT_PROTOTYPES = YES;
				CLANG_WARN_SUSPICIOUS_MOVE = YES;
				CLANG_WARN_UNGUARDED_AVAILABILITY = YES_AGGRESSIVE;
				CLANG_WARN_UNREACHABLE_CODE = YES;
				CLANG_WARN__DUPLICATE_METHOD_MATCH = YES;
				COPY_PHASE_STRIP = NO;
				DEBUG_INFORMATION_FORMAT = dwarf;
				ENABLE_STRICT_OBJC_MSGSEND = YES;
				ENABLE_TESTABILITY = YES;
				ENABLE_USER_SCRIPT_SANDBOXING = YES;
				GCC_C_LANGUAGE_STANDARD = gnu17;
				GCC_DYNAMIC_NO_PIC = NO;
				GCC_NO_COMMON_BLOCKS = YES;
				GCC_OPTIMIZATION_LEVEL = 0;
				GCC_PREPROCESSOR_DEFINITIONS = (
					"DEBUG=1",
					"$(inherited)",
				);
				GCC_WARN_64_TO_32_BIT_CONVERSION = YES;
				GCC_WARN_ABOUT_RETURN_TYPE = YES_ERROR;
				GCC_WARN_UNDECLARED_SELECTOR = YES;
				GCC_WARN_UNINITIALIZED_AUTOS = YES_AGGRESSIVE;
				GCC_WARN_UNUSED_FUNCTION = YES;
				GCC_WARN_UNUSED_VARIABLE = YES;
				IPHONEOS_DEPLOYMENT_TARGET = 18.0;
				LOCALIZATION_PREFERS_STRING_CATALOGS = YES;
				MTL_ENABLE_DEBUG_INFO = INCLUDE_SOURCE;
				MTL_FAST_MATH = YES;
				ONLY_ACTIVE_ARCH = YES;
				SDKROOT = iphoneos;
				SWIFT_ACTIVE_COMPILATION_CONDITIONS = "DEBUG $(inherited)";
				SWIFT_OPTIMIZATION_LEVEL = "-Onone";
			};
			name = Debug;
		};
		88A3190C2CA318C2005D0DF3 /* Release */ = {
			isa = XCBuildConfiguration;
			buildSettings = {
				ALWAYS_SEARCH_USER_PATHS = NO;
				ASSETCATALOG_COMPILER_GENERATE_SWIFT_ASSET_SYMBOL_EXTENSIONS = YES;
				CLANG_ANALYZER_NONNULL = YES;
				CLANG_ANALYZER_NUMBER_OBJECT_CONVERSION = YES_AGGRESSIVE;
				CLANG_CXX_LANGUAGE_STANDARD = "gnu++20";
				CLANG_ENABLE_MODULES = YES;
				CLANG_ENABLE_OBJC_ARC = YES;
				CLANG_ENABLE_OBJC_WEAK = YES;
				CLANG_WARN_BLOCK_CAPTURE_AUTORELEASING = YES;
				CLANG_WARN_BOOL_CONVERSION = YES;
				CLANG_WARN_COMMA = YES;
				CLANG_WARN_CONSTANT_CONVERSION = YES;
				CLANG_WARN_DEPRECATED_OBJC_IMPLEMENTATIONS = YES;
				CLANG_WARN_DIRECT_OBJC_ISA_USAGE = YES_ERROR;
				CLANG_WARN_DOCUMENTATION_COMMENTS = YES;
				CLANG_WARN_EMPTY_BODY = YES;
				CLANG_WARN_ENUM_CONVERSION = YES;
				CLANG_WARN_INFINITE_RECURSION = YES;
				CLANG_WARN_INT_CONVERSION = YES;
				CLANG_WARN_NON_LITERAL_NULL_CONVERSION = YES;
				CLANG_WARN_OBJC_IMPLICIT_RETAIN_SELF = YES;
				CLANG_WARN_OBJC_LITERAL_CONVERSION = YES;
				CLANG_WARN_OBJC_ROOT_CLASS = YES_ERROR;
				CLANG_WARN_QUOTED_INCLUDE_IN_FRAMEWORK_HEADER = YES;
				CLANG_WARN_RANGE_LOOP_ANALYSIS = YES;
				CLANG_WARN_STRICT_PROTOTYPES = YES;
				CLANG_WARN_SUSPICIOUS_MOVE = YES;
				CLANG_WARN_UNGUARDED_AVAILABILITY = YES_AGGRESSIVE;
				CLANG_WARN_UNREACHABLE_CODE = YES;
				CLANG_WARN__DUPLICATE_METHOD_MATCH = YES;
				COPY_PHASE_STRIP = NO;
				DEBUG_INFORMATION_FORMAT = "dwarf-with-dsym";
				ENABLE_NS_ASSERTIONS = NO;
				ENABLE_STRICT_OBJC_MSGSEND = YES;
				ENABLE_USER_SCRIPT_SANDBOXING = YES;
				GCC_C_LANGUAGE_STANDARD = gnu17;
				GCC_NO_COMMON_BLOCKS = YES;
				GCC_WARN_64_TO_32_BIT_CONVERSION = YES;
				GCC_WARN_ABOUT_RETURN_TYPE = YES_ERROR;
				GCC_WARN_UNDECLARED_SELECTOR = YES;
				GCC_WARN_UNINITIALIZED_AUTOS = YES_AGGRESSIVE;
				GCC_WARN_UNUSED_FUNCTION = YES;
				GCC_WARN_UNUSED_VARIABLE = YES;
				IPHONEOS_DEPLOYMENT_TARGET = 18.0;
				LOCALIZATION_PREFERS_STRING_CATALOGS = YES;
				MTL_ENABLE_DEBUG_INFO = NO;
				MTL_FAST_MATH = YES;
				SDKROOT = iphoneos;
				SWIFT_COMPILATION_MODE = wholemodule;
				VALIDATE_PRODUCT = YES;
			};
			name = Release;
		};
		88A3190E2CA318C2005D0DF3 /* Debug */ = {
			isa = XCBuildConfiguration;
			buildSettings = {
				ASSETCATALOG_COMPILER_APPICON_NAME = AppIcon;
				ASSETCATALOG_COMPILER_GLOBAL_ACCENT_COLOR_NAME = AccentColor;
				ASSETCATALOG_COMPILER_INCLUDE_ALL_APPICON_ASSETS = YES;
				CODE_SIGN_ENTITLEMENTS = kwanduh/kwanduh.entitlements;
				CODE_SIGN_STYLE = Automatic;
				CURRENT_PROJECT_VERSION = 13;
				DEVELOPMENT_ASSET_PATHS = "\"kwanduh/Preview Content\"";
				DEVELOPMENT_TEAM = NEAY582ME4;
				ENABLE_PREVIEWS = YES;
				GENERATE_INFOPLIST_FILE = YES;
				INFOPLIST_FILE = kwanduh/Info.plist;
				INFOPLIST_KEY_UIApplicationSceneManifest_Generation = YES;
				INFOPLIST_KEY_UIApplicationSupportsIndirectInputEvents = YES;
				INFOPLIST_KEY_UISupportedInterfaceOrientations_iPad = "UIInterfaceOrientationPortrait UIInterfaceOrientationPortraitUpsideDown UIInterfaceOrientationLandscapeLeft UIInterfaceOrientationLandscapeRight";
				INFOPLIST_KEY_UISupportedInterfaceOrientations_iPhone = "UIInterfaceOrientationPortrait UIInterfaceOrientationLandscapeLeft UIInterfaceOrientationLandscapeRight";
				LD_RUNPATH_SEARCH_PATHS = (
					"$(inherited)",
					"@executable_path/Frameworks",
				);
				MARKETING_VERSION = 0.7.55;
				PRODUCT_BUNDLE_IDENTIFIER = com.billdonner.kwanduh;
				PRODUCT_NAME = "$(TARGET_NAME)";
				SWIFT_EMIT_LOC_STRINGS = YES;
				SWIFT_VERSION = 5.0;
				TARGETED_DEVICE_FAMILY = "1,2";
			};
			name = Debug;
		};
		88A3190F2CA318C2005D0DF3 /* Release */ = {
			isa = XCBuildConfiguration;
			buildSettings = {
				ASSETCATALOG_COMPILER_APPICON_NAME = AppIcon;
				ASSETCATALOG_COMPILER_GLOBAL_ACCENT_COLOR_NAME = AccentColor;
				ASSETCATALOG_COMPILER_INCLUDE_ALL_APPICON_ASSETS = YES;
				CODE_SIGN_ENTITLEMENTS = kwanduh/kwanduh.entitlements;
				CODE_SIGN_STYLE = Automatic;
				CURRENT_PROJECT_VERSION = 13;
				DEVELOPMENT_ASSET_PATHS = "\"kwanduh/Preview Content\"";
				DEVELOPMENT_TEAM = NEAY582ME4;
				ENABLE_PREVIEWS = YES;
				GENERATE_INFOPLIST_FILE = YES;
				INFOPLIST_FILE = kwanduh/Info.plist;
				INFOPLIST_KEY_UIApplicationSceneManifest_Generation = YES;
				INFOPLIST_KEY_UIApplicationSupportsIndirectInputEvents = YES;
				INFOPLIST_KEY_UISupportedInterfaceOrientations_iPad = "UIInterfaceOrientationPortrait UIInterfaceOrientationPortraitUpsideDown UIInterfaceOrientationLandscapeLeft UIInterfaceOrientationLandscapeRight";
				INFOPLIST_KEY_UISupportedInterfaceOrientations_iPhone = "UIInterfaceOrientationPortrait UIInterfaceOrientationLandscapeLeft UIInterfaceOrientationLandscapeRight";
				LD_RUNPATH_SEARCH_PATHS = (
					"$(inherited)",
					"@executable_path/Frameworks",
				);
				MARKETING_VERSION = 0.7.55;
				PRODUCT_BUNDLE_IDENTIFIER = com.billdonner.kwanduh;
				PRODUCT_NAME = "$(TARGET_NAME)";
				SWIFT_EMIT_LOC_STRINGS = YES;
				SWIFT_VERSION = 5.0;
				TARGETED_DEVICE_FAMILY = "1,2";
			};
			name = Release;
		};
		88A319112CA318C2005D0DF3 /* Debug */ = {
			isa = XCBuildConfiguration;
			buildSettings = {
				BUNDLE_LOADER = "$(TEST_HOST)";
				CODE_SIGN_STYLE = Automatic;
				CURRENT_PROJECT_VERSION = 1;
				DEVELOPMENT_TEAM = NEAY582ME4;
				GENERATE_INFOPLIST_FILE = YES;
				IPHONEOS_DEPLOYMENT_TARGET = 18.0;
				MARKETING_VERSION = 1.0;
				PRODUCT_BUNDLE_IDENTIFIER = com.billdonner.kwanduhTests;
				PRODUCT_NAME = "$(TARGET_NAME)";
				SWIFT_EMIT_LOC_STRINGS = NO;
				SWIFT_VERSION = 5.0;
				TARGETED_DEVICE_FAMILY = "1,2";
				TEST_HOST = "$(BUILT_PRODUCTS_DIR)/kwanduh.app/$(BUNDLE_EXECUTABLE_FOLDER_PATH)/kwanduh";
			};
			name = Debug;
		};
		88A319122CA318C2005D0DF3 /* Release */ = {
			isa = XCBuildConfiguration;
			buildSettings = {
				BUNDLE_LOADER = "$(TEST_HOST)";
				CODE_SIGN_STYLE = Automatic;
				CURRENT_PROJECT_VERSION = 1;
				DEVELOPMENT_TEAM = NEAY582ME4;
				GENERATE_INFOPLIST_FILE = YES;
				IPHONEOS_DEPLOYMENT_TARGET = 18.0;
				MARKETING_VERSION = 1.0;
				PRODUCT_BUNDLE_IDENTIFIER = com.billdonner.kwanduhTests;
				PRODUCT_NAME = "$(TARGET_NAME)";
				SWIFT_EMIT_LOC_STRINGS = NO;
				SWIFT_VERSION = 5.0;
				TARGETED_DEVICE_FAMILY = "1,2";
				TEST_HOST = "$(BUILT_PRODUCTS_DIR)/kwanduh.app/$(BUNDLE_EXECUTABLE_FOLDER_PATH)/kwanduh";
			};
			name = Release;
		};
		88A319B62CA3212C005D0DF3 /* Debug */ = {
			isa = XCBuildConfiguration;
			buildSettings = {
				ASSETCATALOG_COMPILER_APPICON_NAME = AppIcon;
				ASSETCATALOG_COMPILER_GLOBAL_ACCENT_COLOR_NAME = AccentColor;
				ASSETCATALOG_COMPILER_INCLUDE_ALL_APPICON_ASSETS = YES;
				CODE_SIGN_ENTITLEMENTS = qanda/qanda.entitlements;
				CODE_SIGN_STYLE = Automatic;
				CURRENT_PROJECT_VERSION = 13;
				DEVELOPMENT_ASSET_PATHS = "\"qanda/Preview Content\"";
				DEVELOPMENT_TEAM = NEAY582ME4;
				ENABLE_PREVIEWS = YES;
				GENERATE_INFOPLIST_FILE = YES;
				INFOPLIST_FILE = qanda/Info.plist;
				INFOPLIST_KEY_UIApplicationSceneManifest_Generation = YES;
				INFOPLIST_KEY_UIApplicationSupportsIndirectInputEvents = YES;
				INFOPLIST_KEY_UISupportedInterfaceOrientations_iPad = "UIInterfaceOrientationPortrait UIInterfaceOrientationPortraitUpsideDown UIInterfaceOrientationLandscapeLeft UIInterfaceOrientationLandscapeRight";
				INFOPLIST_KEY_UISupportedInterfaceOrientations_iPhone = "UIInterfaceOrientationPortrait UIInterfaceOrientationLandscapeLeft UIInterfaceOrientationLandscapeRight";
				LD_RUNPATH_SEARCH_PATHS = (
					"$(inherited)",
					"@executable_path/Frameworks",
				);
				MARKETING_VERSION = 0.7.55;
				PRODUCT_BUNDLE_IDENTIFIER = com.billdonner.qandao;
				PRODUCT_NAME = "$(TARGET_NAME)";
				SWIFT_EMIT_LOC_STRINGS = YES;
				SWIFT_VERSION = 5.0;
				TARGETED_DEVICE_FAMILY = "1,2";
			};
			name = Debug;
		};
		88A319B72CA3212C005D0DF3 /* Release */ = {
			isa = XCBuildConfiguration;
			buildSettings = {
				ASSETCATALOG_COMPILER_APPICON_NAME = AppIcon;
				ASSETCATALOG_COMPILER_GLOBAL_ACCENT_COLOR_NAME = AccentColor;
				ASSETCATALOG_COMPILER_INCLUDE_ALL_APPICON_ASSETS = YES;
				CODE_SIGN_ENTITLEMENTS = qanda/qanda.entitlements;
				CODE_SIGN_STYLE = Automatic;
				CURRENT_PROJECT_VERSION = 13;
				DEVELOPMENT_ASSET_PATHS = "\"qanda/Preview Content\"";
				DEVELOPMENT_TEAM = NEAY582ME4;
				ENABLE_PREVIEWS = YES;
				GENERATE_INFOPLIST_FILE = YES;
				INFOPLIST_FILE = qanda/Info.plist;
				INFOPLIST_KEY_UIApplicationSceneManifest_Generation = YES;
				INFOPLIST_KEY_UIApplicationSupportsIndirectInputEvents = YES;
				INFOPLIST_KEY_UISupportedInterfaceOrientations_iPad = "UIInterfaceOrientationPortrait UIInterfaceOrientationPortraitUpsideDown UIInterfaceOrientationLandscapeLeft UIInterfaceOrientationLandscapeRight";
				INFOPLIST_KEY_UISupportedInterfaceOrientations_iPhone = "UIInterfaceOrientationPortrait UIInterfaceOrientationLandscapeLeft UIInterfaceOrientationLandscapeRight";
				LD_RUNPATH_SEARCH_PATHS = (
					"$(inherited)",
					"@executable_path/Frameworks",
				);
				MARKETING_VERSION = 0.7.55;
				PRODUCT_BUNDLE_IDENTIFIER = com.billdonner.qandao;
				PRODUCT_NAME = "$(TARGET_NAME)";
				SWIFT_EMIT_LOC_STRINGS = YES;
				SWIFT_VERSION = 5.0;
				TARGETED_DEVICE_FAMILY = "1,2";
			};
			name = Release;
		};
		88A319B92CA3212C005D0DF3 /* Debug */ = {
			isa = XCBuildConfiguration;
			buildSettings = {
				BUNDLE_LOADER = "$(TEST_HOST)";
				CODE_SIGN_STYLE = Automatic;
				CURRENT_PROJECT_VERSION = 1;
				DEVELOPMENT_TEAM = NEAY582ME4;
				GENERATE_INFOPLIST_FILE = YES;
				IPHONEOS_DEPLOYMENT_TARGET = 18.0;
				MARKETING_VERSION = 1.0;
				PRODUCT_BUNDLE_IDENTIFIER = com.billdonner.qandao.qandaTests;
				PRODUCT_NAME = "$(TARGET_NAME)";
				SWIFT_EMIT_LOC_STRINGS = NO;
				SWIFT_VERSION = 5.0;
				TARGETED_DEVICE_FAMILY = "1,2";
				TEST_HOST = "$(BUILT_PRODUCTS_DIR)/qanda.app/$(BUNDLE_EXECUTABLE_FOLDER_PATH)/qanda";
			};
			name = Debug;
		};
		88A319BA2CA3212C005D0DF3 /* Release */ = {
			isa = XCBuildConfiguration;
			buildSettings = {
				BUNDLE_LOADER = "$(TEST_HOST)";
				CODE_SIGN_STYLE = Automatic;
				CURRENT_PROJECT_VERSION = 1;
				DEVELOPMENT_TEAM = NEAY582ME4;
				GENERATE_INFOPLIST_FILE = YES;
				IPHONEOS_DEPLOYMENT_TARGET = 18.0;
				MARKETING_VERSION = 1.0;
				PRODUCT_BUNDLE_IDENTIFIER = com.billdonner.qandao.qandaTests;
				PRODUCT_NAME = "$(TARGET_NAME)";
				SWIFT_EMIT_LOC_STRINGS = NO;
				SWIFT_VERSION = 5.0;
				TARGETED_DEVICE_FAMILY = "1,2";
				TEST_HOST = "$(BUILT_PRODUCTS_DIR)/qanda.app/$(BUNDLE_EXECUTABLE_FOLDER_PATH)/qanda";
			};
			name = Release;
		};
/* End XCBuildConfiguration section */

/* Begin XCConfigurationList section */
		884C9D462CCEB51D0059E758 /* Build configuration list for PBXNativeTarget "kwandoo" */ = {
			isa = XCConfigurationList;
			buildConfigurations = (
				884C9D472CCEB51D0059E758 /* Debug */,
				884C9D482CCEB51D0059E758 /* Release */,
			);
			defaultConfigurationIsVisible = 0;
			defaultConfigurationName = Release;
		};
		884C9D492CCEB51D0059E758 /* Build configuration list for PBXNativeTarget "kwandooTests" */ = {
			isa = XCConfigurationList;
			buildConfigurations = (
				884C9D4A2CCEB51D0059E758 /* Debug */,
				884C9D4B2CCEB51D0059E758 /* Release */,
			);
			defaultConfigurationIsVisible = 0;
			defaultConfigurationName = Release;
		};
		88A318E42CA318C1005D0DF3 /* Build configuration list for PBXProject "kwanduh" */ = {
			isa = XCConfigurationList;
			buildConfigurations = (
				88A3190B2CA318C2005D0DF3 /* Debug */,
				88A3190C2CA318C2005D0DF3 /* Release */,
			);
			defaultConfigurationIsVisible = 0;
			defaultConfigurationName = Release;
		};
		88A3190D2CA318C2005D0DF3 /* Build configuration list for PBXNativeTarget "kwanduh" */ = {
			isa = XCConfigurationList;
			buildConfigurations = (
				88A3190E2CA318C2005D0DF3 /* Debug */,
				88A3190F2CA318C2005D0DF3 /* Release */,
			);
			defaultConfigurationIsVisible = 0;
			defaultConfigurationName = Release;
		};
		88A319102CA318C2005D0DF3 /* Build configuration list for PBXNativeTarget "kwanduhTests" */ = {
			isa = XCConfigurationList;
			buildConfigurations = (
				88A319112CA318C2005D0DF3 /* Debug */,
				88A319122CA318C2005D0DF3 /* Release */,
			);
			defaultConfigurationIsVisible = 0;
			defaultConfigurationName = Release;
		};
		88A319B52CA3212C005D0DF3 /* Build configuration list for PBXNativeTarget "qanda" */ = {
			isa = XCConfigurationList;
			buildConfigurations = (
				88A319B62CA3212C005D0DF3 /* Debug */,
				88A319B72CA3212C005D0DF3 /* Release */,
			);
			defaultConfigurationIsVisible = 0;
			defaultConfigurationName = Release;
		};
		88A319B82CA3212C005D0DF3 /* Build configuration list for PBXNativeTarget "qandaTests" */ = {
			isa = XCConfigurationList;
			buildConfigurations = (
				88A319B92CA3212C005D0DF3 /* Debug */,
				88A319BA2CA3212C005D0DF3 /* Release */,
			);
			defaultConfigurationIsVisible = 0;
			defaultConfigurationName = Release;
		};
/* End XCConfigurationList section */
	};
	rootObject = 88A318E12CA318C1005D0DF3 /* Project object */;
}
